
Microsoft Visual Studio Solution File, Format Version 12.00
# Visual Studio Version 17
VisualStudioVersion = 17.8.34525.116
MinimumVisualStudioVersion = 10.0.40219.1
Project("{9A19103F-16F7-4668-BE54-9A1E7A4F7556}") = "AQ_10", "AQ_10\AQ_10.csproj", "{849BCA7B-B6E2-4695-B016-D85FD4CDE7D1}"
EndProject
Project("{9A19103F-16F7-4668-BE54-9A1E7A4F7556}") = "Tests", "Tests\Tests.csproj", "{86571033-9619-4149-8F2B-5048295D5DDB}"
EndProject
Global
	GlobalSection(SolutionConfigurationPlatforms) = preSolution
		Debug|Any CPU = Debug|Any CPU
		Release|Any CPU = Release|Any CPU
	EndGlobalSection
	GlobalSection(ProjectConfigurationPlatforms) = postSolution
		{849BCA7B-B6E2-4695-B016-D85FD4CDE7D1}.Debug|Any CPU.ActiveCfg = Debug|Any CPU
		{849BCA7B-B6E2-4695-B016-D85FD4CDE7D1}.Debug|Any CPU.Build.0 = Debug|Any CPU
		{849BCA7B-B6E2-4695-B016-D85FD4CDE7D1}.Debug|Any CPU.Deploy.0 = Debug|Any CPU
		{849BCA7B-B6E2-4695-B016-D85FD4CDE7D1}.Release|Any CPU.ActiveCfg = Release|Any CPU
		{849BCA7B-B6E2-4695-B016-D85FD4CDE7D1}.Release|Any CPU.Build.0 = Release|Any CPU
		{86571033-9619-4149-8F2B-5048295D5DDB}.Debug|Any CPU.ActiveCfg = Debug|Any CPU
		{86571033-9619-4149-8F2B-5048295D5DDB}.Debug|Any CPU.Build.0 = Debug|Any CPU
		{86571033-9619-4149-8F2B-5048295D5DDB}.Release|Any CPU.ActiveCfg = Release|Any CPU
		{86571033-9619-4149-8F2B-5048295D5DDB}.Release|Any CPU.Build.0 = Release|Any CPU
	EndGlobalSection
	GlobalSection(SolutionProperties) = preSolution
		HideSolutionNode = FALSE
	EndGlobalSection
	GlobalSection(ExtensibilityGlobals) = postSolution
		SolutionGuid = {0C0080BC-A9C3-4EFB-953F-1248F67A0587}
	EndGlobalSection
EndGlobal
